
Microsoft Visual Studio Solution File, Format Version 12.00
# Visual Studio Version 17
VisualStudioVersion = 17.2.32602.215
MinimumVisualStudioVersion = 10.0.40219.1
Project("{FAE04EC0-301F-11D3-BF4B-00C04F79EFBC}") = "WritingToolsDB", "WritingToolsDB.csproj", "{FA3DD1E9-1F71-430F-8EE7-65D09A65F359}"
EndProject
Global
	GlobalSection(SolutionConfigurationPlatforms) = preSolution
		Debug|Any CPU = Debug|Any CPU
		Release|Any CPU = Release|Any CPU
	EndGlobalSection
	GlobalSection(ProjectConfigurationPlatforms) = postSolution
		{FA3DD1E9-1F71-430F-8EE7-65D09A65F359}.Debug|Any CPU.ActiveCfg = Debug|Any CPU
		{FA3DD1E9-1F71-430F-8EE7-65D09A65F359}.Debug|Any CPU.Build.0 = Debug|Any CPU
		{FA3DD1E9-1F71-430F-8EE7-65D09A65F359}.Release|Any CPU.ActiveCfg = Release|Any CPU
		{FA3DD1E9-1F71-430F-8EE7-65D09A65F359}.Release|Any CPU.Build.0 = Release|Any CPU
	EndGlobalSection
	GlobalSection(SolutionProperties) = preSolution
		HideSolutionNode = FALSE
	EndGlobalSection
	GlobalSection(ExtensibilityGlobals) = postSolution
		SolutionGuid = {F7F588EB-96BD-4FFF-B333-C2838CDFB6EA}
	EndGlobalSection
EndGlobal
